
Microsoft Visual Studio Solution File, Format Version 12.00
# Visual Studio Version 17
VisualStudioVersion = 17.2.32210.308
MinimumVisualStudioVersion = 10.0.40219.1
Project("{FAE04EC0-301F-11D3-BF4B-00C04F79EFBC}") = "TestConsoleDuende", "TestConsoleDuende\TestConsoleDuende.csproj", "{706AAC1C-2647-4F6F-AE04-869B86BAB414}"
EndProject
Global
	GlobalSection(SolutionConfigurationPlatforms) = preSolution
		Debug|Any CPU = Debug|Any CPU
		Release|Any CPU = Release|Any CPU
	EndGlobalSection
	GlobalSection(ProjectConfigurationPlatforms) = postSolution
		{706AAC1C-2647-4F6F-AE04-869B86BAB414}.Debug|Any CPU.ActiveCfg = Debug|Any CPU
		{706AAC1C-2647-4F6F-AE04-869B86BAB414}.Debug|Any CPU.Build.0 = Debug|Any CPU
		{706AAC1C-2647-4F6F-AE04-869B86BAB414}.Release|Any CPU.ActiveCfg = Release|Any CPU
		{706AAC1C-2647-4F6F-AE04-869B86BAB414}.Release|Any CPU.Build.0 = Release|Any CPU
	EndGlobalSection
	GlobalSection(SolutionProperties) = preSolution
		HideSolutionNode = FALSE
	EndGlobalSection
	GlobalSection(ExtensibilityGlobals) = postSolution
		SolutionGuid = {9EFD8532-FF3F-47F4-B4B1-03EDAA1F2465}
	EndGlobalSection
EndGlobal
